// !$*UTF8*$!
{
	archiveVersion = 1;
	classes = {
	};
	objectVersion = 50;
	objects = {

/* Begin PBXBuildFile section */
		42120B7923EBB9900019E9ED /* AppDelegate.swift in Sources */ = {isa = PBXBuildFile; fileRef = 42120B7823EBB9900019E9ED /* AppDelegate.swift */; };
		42120B7B23EBB9900019E9ED /* SceneDelegate.swift in Sources */ = {isa = PBXBuildFile; fileRef = 42120B7A23EBB9900019E9ED /* SceneDelegate.swift */; };
		42120B7D23EBB9900019E9ED /* MainViewController.swift in Sources */ = {isa = PBXBuildFile; fileRef = 42120B7C23EBB9900019E9ED /* MainViewController.swift */; };
		42120B8023EBB9900019E9ED /* Main.storyboard in Resources */ = {isa = PBXBuildFile; fileRef = 42120B7E23EBB9900019E9ED /* Main.storyboard */; };
		42120B8223EBB9910019E9ED /* Assets.xcassets in Resources */ = {isa = PBXBuildFile; fileRef = 42120B8123EBB9910019E9ED /* Assets.xcassets */; };
		42120B8523EBB9910019E9ED /* LaunchScreen.storyboard in Resources */ = {isa = PBXBuildFile; fileRef = 42120B8323EBB9910019E9ED /* LaunchScreen.storyboard */; };
		42120B8D23EBBAB10019E9ED /* GoogleService-Info.plist in Resources */ = {isa = PBXBuildFile; fileRef = 42120B8C23EBBAB10019E9ED /* GoogleService-Info.plist */; };
		42120B9023EBC74C0019E9ED /* CustomButton.swift in Sources */ = {isa = PBXBuildFile; fileRef = 42120B8F23EBC74C0019E9ED /* CustomButton.swift */; };
		42120B9323EBCC520019E9ED /* UIButton+Design.swift in Sources */ = {isa = PBXBuildFile; fileRef = 42120B9223EBCC520019E9ED /* UIButton+Design.swift */; };
		421280E723F35A1F00E08D5B /* PeopleCollectionViewCell.swift in Sources */ = {isa = PBXBuildFile; fileRef = 421280E523F35A1F00E08D5B /* PeopleCollectionViewCell.swift */; };
		421280E823F35A1F00E08D5B /* PeopleCollectionViewCell.xib in Resources */ = {isa = PBXBuildFile; fileRef = 421280E623F35A1F00E08D5B /* PeopleCollectionViewCell.xib */; };
		42158B4523EDE02F00585703 /* (null) in Embed Frameworks */ = {isa = PBXBuildFile; settings = {ATTRIBUTES = (RemoveHeadersOnCopy, ); }; };
		421CD08C23ECA42100233369 /* CategoryCollectionViewCell.swift in Sources */ = {isa = PBXBuildFile; fileRef = 421CD08A23ECA42100233369 /* CategoryCollectionViewCell.swift */; };
		421CD08D23ECA42100233369 /* CategoryCollectionViewCell.xib in Resources */ = {isa = PBXBuildFile; fileRef = 421CD08B23ECA42100233369 /* CategoryCollectionViewCell.xib */; };
		421CD08F23ECA93D00233369 /* UICollectionViewCell+Design.swift in Sources */ = {isa = PBXBuildFile; fileRef = 421CD08E23ECA93D00233369 /* UICollectionViewCell+Design.swift */; };
		4239BC6423EE07A800E65FC0 /* CharactersViewController.swift in Sources */ = {isa = PBXBuildFile; fileRef = 4239BC6323EE07A800E65FC0 /* CharactersViewController.swift */; };
		42C0A93E23EBD38500548DAB /* SignUpViewController.swift in Sources */ = {isa = PBXBuildFile; fileRef = 42C0A93D23EBD38500548DAB /* SignUpViewController.swift */; };
		42C0A94023EBDF8D00548DAB /* HomePageViewController.swift in Sources */ = {isa = PBXBuildFile; fileRef = 42C0A93F23EBDF8D00548DAB /* HomePageViewController.swift */; };
		42C0A94223EBE5FE00548DAB /* LogInViewController.swift in Sources */ = {isa = PBXBuildFile; fileRef = 42C0A94123EBE5FE00548DAB /* LogInViewController.swift */; };
		D240F318AAA7033AAC8FD75F /* libPods-iStarWarsApp.a in Frameworks */ = {isa = PBXBuildFile; fileRef = 932BD7F439886739E1E0AD35 /* libPods-iStarWarsApp.a */; };
/* End PBXBuildFile section */

/* Begin PBXCopyFilesBuildPhase section */
		42158B4623EDE02F00585703 /* Embed Frameworks */ = {
			isa = PBXCopyFilesBuildPhase;
			buildActionMask = 2147483647;
			dstPath = "";
			dstSubfolderSpec = 10;
			files = (
				42158B4523EDE02F00585703 /* (null) in Embed Frameworks */,
			);
			name = "Embed Frameworks";
			runOnlyForDeploymentPostprocessing = 0;
		};
/* End PBXCopyFilesBuildPhase section */

/* Begin PBXFileReference section */
		42120B7523EBB9900019E9ED /* iStarWarsApp.app */ = {isa = PBXFileReference; explicitFileType = wrapper.application; includeInIndex = 0; path = iStarWarsApp.app; sourceTree = BUILT_PRODUCTS_DIR; };
		42120B7823EBB9900019E9ED /* AppDelegate.swift */ = {isa = PBXFileReference; lastKnownFileType = sourcecode.swift; path = AppDelegate.swift; sourceTree = "<group>"; };
		42120B7A23EBB9900019E9ED /* SceneDelegate.swift */ = {isa = PBXFileReference; lastKnownFileType = sourcecode.swift; path = SceneDelegate.swift; sourceTree = "<group>"; };
		42120B7C23EBB9900019E9ED /* MainViewController.swift */ = {isa = PBXFileReference; lastKnownFileType = sourcecode.swift; path = MainViewController.swift; sourceTree = "<group>"; };
		42120B7F23EBB9900019E9ED /* Base */ = {isa = PBXFileReference; lastKnownFileType = file.storyboard; name = Base; path = Base.lproj/Main.storyboard; sourceTree = "<group>"; };
		42120B8123EBB9910019E9ED /* Assets.xcassets */ = {isa = PBXFileReference; lastKnownFileType = folder.assetcatalog; path = Assets.xcassets; sourceTree = "<group>"; };
		42120B8423EBB9910019E9ED /* Base */ = {isa = PBXFileReference; lastKnownFileType = file.storyboard; name = Base; path = Base.lproj/LaunchScreen.storyboard; sourceTree = "<group>"; };
		42120B8623EBB9910019E9ED /* Info.plist */ = {isa = PBXFileReference; lastKnownFileType = text.plist.xml; path = Info.plist; sourceTree = "<group>"; };
		42120B8C23EBBAB10019E9ED /* GoogleService-Info.plist */ = {isa = PBXFileReference; fileEncoding = 4; lastKnownFileType = text.plist.xml; path = "GoogleService-Info.plist"; sourceTree = "<group>"; };
		42120B8F23EBC74C0019E9ED /* CustomButton.swift */ = {isa = PBXFileReference; lastKnownFileType = sourcecode.swift; path = CustomButton.swift; sourceTree = "<group>"; };
		42120B9223EBCC520019E9ED /* UIButton+Design.swift */ = {isa = PBXFileReference; lastKnownFileType = sourcecode.swift; path = "UIButton+Design.swift"; sourceTree = "<group>"; };
		421280E523F35A1F00E08D5B /* PeopleCollectionViewCell.swift */ = {isa = PBXFileReference; lastKnownFileType = sourcecode.swift; path = PeopleCollectionViewCell.swift; sourceTree = "<group>"; };
		421280E623F35A1F00E08D5B /* PeopleCollectionViewCell.xib */ = {isa = PBXFileReference; lastKnownFileType = file.xib; path = PeopleCollectionViewCell.xib; sourceTree = "<group>"; };
		421CD08A23ECA42100233369 /* CategoryCollectionViewCell.swift */ = {isa = PBXFileReference; lastKnownFileType = sourcecode.swift; path = CategoryCollectionViewCell.swift; sourceTree = "<group>"; };
		421CD08B23ECA42100233369 /* CategoryCollectionViewCell.xib */ = {isa = PBXFileReference; lastKnownFileType = file.xib; path = CategoryCollectionViewCell.xib; sourceTree = "<group>"; };
		421CD08E23ECA93D00233369 /* UICollectionViewCell+Design.swift */ = {isa = PBXFileReference; lastKnownFileType = sourcecode.swift; path = "UICollectionViewCell+Design.swift"; sourceTree = "<group>"; };
		4239BC6323EE07A800E65FC0 /* CharactersViewController.swift */ = {isa = PBXFileReference; lastKnownFileType = sourcecode.swift; path = CharactersViewController.swift; sourceTree = "<group>"; };
		42C0A93D23EBD38500548DAB /* SignUpViewController.swift */ = {isa = PBXFileReference; lastKnownFileType = sourcecode.swift; path = SignUpViewController.swift; sourceTree = "<group>"; };
		42C0A93F23EBDF8D00548DAB /* HomePageViewController.swift */ = {isa = PBXFileReference; lastKnownFileType = sourcecode.swift; path = HomePageViewController.swift; sourceTree = "<group>"; };
		42C0A94123EBE5FE00548DAB /* LogInViewController.swift */ = {isa = PBXFileReference; lastKnownFileType = sourcecode.swift; path = LogInViewController.swift; sourceTree = "<group>"; };
		80195A2367D6C68C5E997405 /* Pods-iStarWarsApp.release.xcconfig */ = {isa = PBXFileReference; includeInIndex = 1; lastKnownFileType = text.xcconfig; name = "Pods-iStarWarsApp.release.xcconfig"; path = "Target Support Files/Pods-iStarWarsApp/Pods-iStarWarsApp.release.xcconfig"; sourceTree = "<group>"; };
		932BD7F439886739E1E0AD35 /* libPods-iStarWarsApp.a */ = {isa = PBXFileReference; explicitFileType = archive.ar; includeInIndex = 0; path = "libPods-iStarWarsApp.a"; sourceTree = BUILT_PRODUCTS_DIR; };
		D46E26B236A7BAA17CB0BCC8 /* Pods-iStarWarsApp.debug.xcconfig */ = {isa = PBXFileReference; includeInIndex = 1; lastKnownFileType = text.xcconfig; name = "Pods-iStarWarsApp.debug.xcconfig"; path = "Target Support Files/Pods-iStarWarsApp/Pods-iStarWarsApp.debug.xcconfig"; sourceTree = "<group>"; };
/* End PBXFileReference section */

/* Begin PBXFrameworksBuildPhase section */
		42120B7223EBB9900019E9ED /* Frameworks */ = {
			isa = PBXFrameworksBuildPhase;
			buildActionMask = 2147483647;
			files = (
				D240F318AAA7033AAC8FD75F /* libPods-iStarWarsApp.a in Frameworks */,
			);
			runOnlyForDeploymentPostprocessing = 0;
		};
/* End PBXFrameworksBuildPhase section */

/* Begin PBXGroup section */
		42120B6C23EBB9900019E9ED = {
			isa = PBXGroup;
			children = (
				42120B7723EBB9900019E9ED /* iStarWarsApp */,
				42120B7623EBB9900019E9ED /* Products */,
				4EE2F3AED93435D2F47A8D88 /* Pods */,
				B504F8F70DFC03A80812DBB5 /* Frameworks */,
			);
			sourceTree = "<group>";
		};
		42120B7623EBB9900019E9ED /* Products */ = {
			isa = PBXGroup;
			children = (
				42120B7523EBB9900019E9ED /* iStarWarsApp.app */,
			);
			name = Products;
			sourceTree = "<group>";
		};
		42120B7723EBB9900019E9ED /* iStarWarsApp */ = {
			isa = PBXGroup;
			children = (
				421280E423F35A0900E08D5B /* Custom People Cell */,
				421CD08923ECA3FE00233369 /* Custom Category Cells */,
				42120B9123EBC76B0019E9ED /* Extension */,
				42120B8E23EBC7390019E9ED /* Custom Button */,
				42120B7823EBB9900019E9ED /* AppDelegate.swift */,
				42120B7A23EBB9900019E9ED /* SceneDelegate.swift */,
				4239BC6223EE078000E65FC0 /* Characters */,
				42C0A93C23EBD37100548DAB /* Controllers */,
				42C0A93B23EBD36800548DAB /* Views */,
				42120B8123EBB9910019E9ED /* Assets.xcassets */,
				42120B8323EBB9910019E9ED /* LaunchScreen.storyboard */,
				42120B8623EBB9910019E9ED /* Info.plist */,
				42120B8C23EBBAB10019E9ED /* GoogleService-Info.plist */,
			);
			path = iStarWarsApp;
			sourceTree = "<group>";
		};
		42120B8E23EBC7390019E9ED /* Custom Button */ = {
			isa = PBXGroup;
			children = (
				42120B8F23EBC74C0019E9ED /* CustomButton.swift */,
			);
			path = "Custom Button";
			sourceTree = "<group>";
		};
		42120B9123EBC76B0019E9ED /* Extension */ = {
			isa = PBXGroup;
			children = (
				42120B9223EBCC520019E9ED /* UIButton+Design.swift */,
				421CD08E23ECA93D00233369 /* UICollectionViewCell+Design.swift */,
			);
			path = Extension;
			sourceTree = "<group>";
		};
		421280E423F35A0900E08D5B /* Custom People Cell */ = {
			isa = PBXGroup;
			children = (
				421280E523F35A1F00E08D5B /* PeopleCollectionViewCell.swift */,
				421280E623F35A1F00E08D5B /* PeopleCollectionViewCell.xib */,
			);
			path = "Custom People Cell";
			sourceTree = "<group>";
		};
		421CD08923ECA3FE00233369 /* Custom Category Cells */ = {
			isa = PBXGroup;
			children = (
				421CD08A23ECA42100233369 /* CategoryCollectionViewCell.swift */,
				421CD08B23ECA42100233369 /* CategoryCollectionViewCell.xib */,
			);
			path = "Custom Category Cells";
			sourceTree = "<group>";
		};
		4239BC6223EE078000E65FC0 /* Characters */ = {
			isa = PBXGroup;
			children = (
				4239BC6323EE07A800E65FC0 /* CharactersViewController.swift */,
			);
			path = Characters;
			sourceTree = "<group>";
		};
		42C0A93B23EBD36800548DAB /* Views */ = {
			isa = PBXGroup;
			children = (
				42120B7E23EBB9900019E9ED /* Main.storyboard */,
			);
			path = Views;
			sourceTree = "<group>";
		};
		42C0A93C23EBD37100548DAB /* Controllers */ = {
			isa = PBXGroup;
			children = (
				42120B7C23EBB9900019E9ED /* MainViewController.swift */,
				42C0A93D23EBD38500548DAB /* SignUpViewController.swift */,
				42C0A93F23EBDF8D00548DAB /* HomePageViewController.swift */,
				42C0A94123EBE5FE00548DAB /* LogInViewController.swift */,
			);
			path = Controllers;
			sourceTree = "<group>";
		};
		4EE2F3AED93435D2F47A8D88 /* Pods */ = {
			isa = PBXGroup;
			children = (
				D46E26B236A7BAA17CB0BCC8 /* Pods-iStarWarsApp.debug.xcconfig */,
				80195A2367D6C68C5E997405 /* Pods-iStarWarsApp.release.xcconfig */,
			);
			path = Pods;
			sourceTree = "<group>";
		};
		B504F8F70DFC03A80812DBB5 /* Frameworks */ = {
			isa = PBXGroup;
			children = (
				932BD7F439886739E1E0AD35 /* libPods-iStarWarsApp.a */,
			);
			name = Frameworks;
			sourceTree = "<group>";
		};
/* End PBXGroup section */

/* Begin PBXNativeTarget section */
		42120B7423EBB9900019E9ED /* iStarWarsApp */ = {
			isa = PBXNativeTarget;
			buildConfigurationList = 42120B8923EBB9910019E9ED /* Build configuration list for PBXNativeTarget "iStarWarsApp" */;
			buildPhases = (
				134B1842FC990B7FC8225B20 /* [CP] Check Pods Manifest.lock */,
				42120B7123EBB9900019E9ED /* Sources */,
				42120B7223EBB9900019E9ED /* Frameworks */,
				42120B7323EBB9900019E9ED /* Resources */,
				42158B4623EDE02F00585703 /* Embed Frameworks */,
			);
			buildRules = (
			);
			dependencies = (
			);
			name = iStarWarsApp;
			productName = iStarWarsApp;
			productReference = 42120B7523EBB9900019E9ED /* iStarWarsApp.app */;
			productType = "com.apple.product-type.application";
		};
/* End PBXNativeTarget section */

/* Begin PBXProject section */
		42120B6D23EBB9900019E9ED /* Project object */ = {
			isa = PBXProject;
			attributes = {
				LastSwiftUpdateCheck = 1130;
				LastUpgradeCheck = 1130;
				ORGANIZATIONNAME = "Dionte Silmon";
				TargetAttributes = {
					42120B7423EBB9900019E9ED = {
						CreatedOnToolsVersion = 11.3.1;
					};
				};
			};
			buildConfigurationList = 42120B7023EBB9900019E9ED /* Build configuration list for PBXProject "iStarWarsApp" */;
			compatibilityVersion = "Xcode 9.3";
			developmentRegion = en;
			hasScannedForEncodings = 0;
			knownRegions = (
				en,
				Base,
			);
			mainGroup = 42120B6C23EBB9900019E9ED;
			productRefGroup = 42120B7623EBB9900019E9ED /* Products */;
			projectDirPath = "";
			projectRoot = "";
			targets = (
				42120B7423EBB9900019E9ED /* iStarWarsApp */,
			);
		};
/* End PBXProject section */

/* Begin PBXResourcesBuildPhase section */
		42120B7323EBB9900019E9ED /* Resources */ = {
			isa = PBXResourcesBuildPhase;
			buildActionMask = 2147483647;
			files = (
				42120B8523EBB9910019E9ED /* LaunchScreen.storyboard in Resources */,
				421CD08D23ECA42100233369 /* CategoryCollectionViewCell.xib in Resources */,
				42120B8D23EBBAB10019E9ED /* GoogleService-Info.plist in Resources */,
				42120B8223EBB9910019E9ED /* Assets.xcassets in Resources */,
				42120B8023EBB9900019E9ED /* Main.storyboard in Resources */,
				421280E823F35A1F00E08D5B /* PeopleCollectionViewCell.xib in Resources */,
			);
			runOnlyForDeploymentPostprocessing = 0;
		};
/* End PBXResourcesBuildPhase section */

/* Begin PBXShellScriptBuildPhase section */
		134B1842FC990B7FC8225B20 /* [CP] Check Pods Manifest.lock */ = {
			isa = PBXShellScriptBuildPhase;
			buildActionMask = 2147483647;
			files = (
			);
			inputFileListPaths = (
			);
			inputPaths = (
				"${PODS_PODFILE_DIR_PATH}/Podfile.lock",
				"${PODS_ROOT}/Manifest.lock",
			);
			name = "[CP] Check Pods Manifest.lock";
			outputFileListPaths = (
			);
			outputPaths = (
				"$(DERIVED_FILE_DIR)/Pods-iStarWarsApp-checkManifestLockResult.txt",
			);
			runOnlyForDeploymentPostprocessing = 0;
			shellPath = /bin/sh;
			shellScript = "diff \"${PODS_PODFILE_DIR_PATH}/Podfile.lock\" \"${PODS_ROOT}/Manifest.lock\" > /dev/null\nif [ $? != 0 ] ; then\n    # print error to STDERR\n    echo \"error: The sandbox is not in sync with the Podfile.lock. Run 'pod install' or update your CocoaPods installation.\" >&2\n    exit 1\nfi\n# This output is used by Xcode 'outputs' to avoid re-running this script phase.\necho \"SUCCESS\" > \"${SCRIPT_OUTPUT_FILE_0}\"\n";
			showEnvVarsInLog = 0;
		};
/* End PBXShellScriptBuildPhase section */

/* Begin PBXSourcesBuildPhase section */
		42120B7123EBB9900019E9ED /* Sources */ = {
			isa = PBXSourcesBuildPhase;
			buildActionMask = 2147483647;
			files = (
				421CD08F23ECA93D00233369 /* UICollectionViewCell+Design.swift in Sources */,
				42C0A93E23EBD38500548DAB /* SignUpViewController.swift in Sources */,
				42C0A94023EBDF8D00548DAB /* HomePageViewController.swift in Sources */,
				42120B9023EBC74C0019E9ED /* CustomButton.swift in Sources */,
				42120B7D23EBB9900019E9ED /* MainViewController.swift in Sources */,
				421280E723F35A1F00E08D5B /* PeopleCollectionViewCell.swift in Sources */,
				421CD08C23ECA42100233369 /* CategoryCollectionViewCell.swift in Sources */,
				42C0A94223EBE5FE00548DAB /* LogInViewController.swift in Sources */,
				42120B7923EBB9900019E9ED /* AppDelegate.swift in Sources */,
				42120B9323EBCC520019E9ED /* UIButton+Design.swift in Sources */,
				42120B7B23EBB9900019E9ED /* SceneDelegate.swift in Sources */,
				4239BC6423EE07A800E65FC0 /* CharactersViewController.swift in Sources */,
			);
			runOnlyForDeploymentPostprocessing = 0;
		};
/* End PBXSourcesBuildPhase section */

/* Begin PBXVariantGroup section */
		42120B7E23EBB9900019E9ED /* Main.storyboard */ = {
			isa = PBXVariantGroup;
			children = (
				42120B7F23EBB9900019E9ED /* Base */,
			);
			name = Main.storyboard;
			sourceTree = "<group>";
		};
		42120B8323EBB9910019E9ED /* LaunchScreen.storyboard */ = {
			isa = PBXVariantGroup;
			children = (
				42120B8423EBB9910019E9ED /* Base */,
			);
			name = LaunchScreen.storyboard;
			sourceTree = "<group>";
		};
/* End PBXVariantGroup section */

/* Begin XCBuildConfiguration section */
		42120B8723EBB9910019E9ED /* Debug */ = {
			isa = XCBuildConfiguration;
			buildSettings = {
				ALWAYS_EMBED_SWIFT_STANDARD_LIBRARIES = YES;
				ALWAYS_SEARCH_USER_PATHS = NO;
				CLANG_ANALYZER_NONNULL = YES;
				CLANG_ANALYZER_NUMBER_OBJECT_CONVERSION = YES_AGGRESSIVE;
				CLANG_CXX_LANGUAGE_STANDARD = "gnu++14";
				CLANG_CXX_LIBRARY = "libc++";
				CLANG_ENABLE_MODULES = YES;
				CLANG_ENABLE_OBJC_ARC = YES;
				CLANG_ENABLE_OBJC_WEAK = YES;
				CLANG_WARN_BLOCK_CAPTURE_AUTORELEASING = YES;
				CLANG_WARN_BOOL_CONVERSION = YES;
				CLANG_WARN_COMMA = YES;
				CLANG_WARN_CONSTANT_CONVERSION = YES;
				CLANG_WARN_DEPRECATED_OBJC_IMPLEMENTATIONS = YES;
				CLANG_WARN_DIRECT_OBJC_ISA_USAGE = YES_ERROR;
				CLANG_WARN_DOCUMENTATION_COMMENTS = YES;
				CLANG_WARN_EMPTY_BODY = YES;
				CLANG_WARN_ENUM_CONVERSION = YES;
				CLANG_WARN_INFINITE_RECURSION = YES;
				CLANG_WARN_INT_CONVERSION = YES;
				CLANG_WARN_NON_LITERAL_NULL_CONVERSION = YES;
				CLANG_WARN_OBJC_IMPLICIT_RETAIN_SELF = YES;
				CLANG_WARN_OBJC_LITERAL_CONVERSION = YES;
				CLANG_WARN_OBJC_ROOT_CLASS = YES_ERROR;
				CLANG_WARN_RANGE_LOOP_ANALYSIS = YES;
				CLANG_WARN_STRICT_PROTOTYPES = YES;
				CLANG_WARN_SUSPICIOUS_MOVE = YES;
				CLANG_WARN_UNGUARDED_AVAILABILITY = YES_AGGRESSIVE;
				CLANG_WARN_UNREACHABLE_CODE = YES;
				CLANG_WARN__DUPLICATE_METHOD_MATCH = YES;
				COPY_PHASE_STRIP = NO;
				DEBUG_INFORMATION_FORMAT = dwarf;
				ENABLE_STRICT_OBJC_MSGSEND = YES;
				ENABLE_TESTABILITY = YES;
				GCC_C_LANGUAGE_STANDARD = gnu11;
				GCC_DYNAMIC_NO_PIC = NO;
				GCC_NO_COMMON_BLOCKS = YES;
				GCC_OPTIMIZATION_LEVEL = 0;
				GCC_PREPROCESSOR_DEFINITIONS = (
					"DEBUG=1",
					"$(inherited)",
				);
				GCC_WARN_64_TO_32_BIT_CONVERSION = YES;
				GCC_WARN_ABOUT_RETURN_TYPE = YES_ERROR;
				GCC_WARN_UNDECLARED_SELECTOR = YES;
				GCC_WARN_UNINITIALIZED_AUTOS = YES_AGGRESSIVE;
				GCC_WARN_UNUSED_FUNCTION = YES;
				GCC_WARN_UNUSED_VARIABLE = YES;
				IPHONEOS_DEPLOYMENT_TARGET = 13.2;
				MTL_ENABLE_DEBUG_INFO = INCLUDE_SOURCE;
				MTL_FAST_MATH = YES;
				ONLY_ACTIVE_ARCH = YES;
				SDKROOT = iphoneos;
				SWIFT_ACTIVE_COMPILATION_CONDITIONS = DEBUG;
				SWIFT_OPTIMIZATION_LEVEL = "-Onone";
			};
			name = Debug;
		};
		42120B8823EBB9910019E9ED /* Release */ = {
			isa = XCBuildConfiguration;
			buildSettings = {
				ALWAYS_EMBED_SWIFT_STANDARD_LIBRARIES = YES;
				ALWAYS_SEARCH_USER_PATHS = NO;
				CLANG_ANALYZER_NONNULL = YES;
				CLANG_ANALYZER_NUMBER_OBJECT_CONVERSION = YES_AGGRESSIVE;
				CLANG_CXX_LANGUAGE_STANDARD = "gnu++14";
				CLANG_CXX_LIBRARY = "libc++";
				CLANG_ENABLE_MODULES = YES;
				CLANG_ENABLE_OBJC_ARC = YES;
				CLANG_ENABLE_OBJC_WEAK = YES;
				CLANG_WARN_BLOCK_CAPTURE_AUTORELEASING = YES;
				CLANG_WARN_BOOL_CONVERSION = YES;
				CLANG_WARN_COMMA = YES;
				CLANG_WARN_CONSTANT_CONVERSION = YES;
				CLANG_WARN_DEPRECATED_OBJC_IMPLEMENTATIONS = YES;
				CLANG_WARN_DIRECT_OBJC_ISA_USAGE = YES_ERROR;
				CLANG_WARN_DOCUMENTATION_COMMENTS = YES;
				CLANG_WARN_EMPTY_BODY = YES;
				CLANG_WARN_ENUM_CONVERSION = YES;
				CLANG_WARN_INFINITE_RECURSION = YES;
				CLANG_WARN_INT_CONVERSION = YES;
				CLANG_WARN_NON_LITERAL_NULL_CONVERSION = YES;
				CLANG_WARN_OBJC_IMPLICIT_RETAIN_SELF = YES;
				CLANG_WARN_OBJC_LITERAL_CONVERSION = YES;
				CLANG_WARN_OBJC_ROOT_CLASS = YES_ERROR;
				CLANG_WARN_RANGE_LOOP_ANALYSIS = YES;
				CLANG_WARN_STRICT_PROTOTYPES = YES;
				CLANG_WARN_SUSPICIOUS_MOVE = YES;
				CLANG_WARN_UNGUARDED_AVAILABILITY = YES_AGGRESSIVE;
				CLANG_WARN_UNREACHABLE_CODE = YES;
				CLANG_WARN__DUPLICATE_METHOD_MATCH = YES;
				COPY_PHASE_STRIP = NO;
				DEBUG_INFORMATION_FORMAT = "dwarf-with-dsym";
				ENABLE_NS_ASSERTIONS = NO;
				ENABLE_STRICT_OBJC_MSGSEND = YES;
				GCC_C_LANGUAGE_STANDARD = gnu11;
				GCC_NO_COMMON_BLOCKS = YES;
				GCC_WARN_64_TO_32_BIT_CONVERSION = YES;
				GCC_WARN_ABOUT_RETURN_TYPE = YES_ERROR;
				GCC_WARN_UNDECLARED_SELECTOR = YES;
				GCC_WARN_UNINITIALIZED_AUTOS = YES_AGGRESSIVE;
				GCC_WARN_UNUSED_FUNCTION = YES;
				GCC_WARN_UNUSED_VARIABLE = YES;
				IPHONEOS_DEPLOYMENT_TARGET = 13.2;
				MTL_ENABLE_DEBUG_INFO = NO;
				MTL_FAST_MATH = YES;
				SDKROOT = iphoneos;
				SWIFT_COMPILATION_MODE = wholemodule;
				SWIFT_OPTIMIZATION_LEVEL = "-O";
				VALIDATE_PRODUCT = YES;
			};
			name = Release;
		};
		42120B8A23EBB9910019E9ED /* Debug */ = {
			isa = XCBuildConfiguration;
			baseConfigurationReference = D46E26B236A7BAA17CB0BCC8 /* Pods-iStarWarsApp.debug.xcconfig */;
			buildSettings = {
				ASSETCATALOG_COMPILER_APPICON_NAME = AppIcon;
				CODE_SIGN_IDENTITY = "Apple Development";
				CODE_SIGN_STYLE = Automatic;
				DEVELOPMENT_TEAM = 3A86Z6XP79;
				INFOPLIST_FILE = iStarWarsApp/Info.plist;
				IPHONEOS_DEPLOYMENT_TARGET = 13.2;
				LD_RUNPATH_SEARCH_PATHS = (
					"$(inherited)",
					"@executable_path/Frameworks",
				);
				PRODUCT_BUNDLE_IDENTIFIER = com.example.iStarWarsApp;
				PRODUCT_NAME = "$(TARGET_NAME)";
				PROVISIONING_PROFILE_SPECIFIER = "";
				SWIFT_VERSION = 5.0;
				TARGETED_DEVICE_FAMILY = "1,2";
			};
			name = Debug;
		};
		42120B8B23EBB9910019E9ED /* Release */ = {
			isa = XCBuildConfiguration;
			baseConfigurationReference = 80195A2367D6C68C5E997405 /* Pods-iStarWarsApp.release.xcconfig */;
			buildSettings = {
				ASSETCATALOG_COMPILER_APPICON_NAME = AppIcon;
				CODE_SIGN_IDENTITY = "Apple Development";
				CODE_SIGN_STYLE = Automatic;
				DEVELOPMENT_TEAM = 3A86Z6XP79;
				INFOPLIST_FILE = iStarWarsApp/Info.plist;
				IPHONEOS_DEPLOYMENT_TARGET = 13.2;
				LD_RUNPATH_SEARCH_PATHS = (
					"$(inherited)",
					"@executable_path/Frameworks",
				);
				PRODUCT_BUNDLE_IDENTIFIER = com.example.iStarWarsApp;
				PRODUCT_NAME = "$(TARGET_NAME)";
				PROVISIONING_PROFILE_SPECIFIER = "";
				SWIFT_VERSION = 5.0;
				TARGETED_DEVICE_FAMILY = "1,2";
			};
			name = Release;
		};
/* End XCBuildConfiguration section */

/* Begin XCConfigurationList section */
		42120B7023EBB9900019E9ED /* Build configuration list for PBXProject "iStarWarsApp" */ = {
			isa = XCConfigurationList;
			buildConfigurations = (
				42120B8723EBB9910019E9ED /* Debug */,
				42120B8823EBB9910019E9ED /* Release */,
			);
			defaultConfigurationIsVisible = 0;
			defaultConfigurationName = Release;
		};
		42120B8923EBB9910019E9ED /* Build configuration list for PBXNativeTarget "iStarWarsApp" */ = {
			isa = XCConfigurationList;
			buildConfigurations = (
				42120B8A23EBB9910019E9ED /* Debug */,
				42120B8B23EBB9910019E9ED /* Release */,
			);
			defaultConfigurationIsVisible = 0;
			defaultConfigurationName = Release;
		};
/* End XCConfigurationList section */
	};
	rootObject = 42120B6D23EBB9900019E9ED /* Project object */;
}
